
Microsoft Visual Studio Solution File, Format Version 12.00
# Visual Studio Version 17
VisualStudioVersion = 17.8.34525.116
MinimumVisualStudioVersion = 10.0.40219.1
Project("{FAE04EC0-301F-11D3-BF4B-00C04F79EFBC}") = "WindowsFormsApp1", "WindowsFormsApp1.csproj", "{31BA9316-37C3-4633-B960-5A101CD1A6CE}"
EndProject
Global
	GlobalSection(SolutionConfigurationPlatforms) = preSolution
		Debug|Any CPU = Debug|Any CPU
		Release|Any CPU = Release|Any CPU
	EndGlobalSection
	GlobalSection(ProjectConfigurationPlatforms) = postSolution
		{31BA9316-37C3-4633-B960-5A101CD1A6CE}.Debug|Any CPU.ActiveCfg = Debug|Any CPU
		{31BA9316-37C3-4633-B960-5A101CD1A6CE}.Debug|Any CPU.Build.0 = Debug|Any CPU
		{31BA9316-37C3-4633-B960-5A101CD1A6CE}.Release|Any CPU.ActiveCfg = Release|Any CPU
		{31BA9316-37C3-4633-B960-5A101CD1A6CE}.Release|Any CPU.Build.0 = Release|Any CPU
	EndGlobalSection
	GlobalSection(SolutionProperties) = preSolution
		HideSolutionNode = FALSE
	EndGlobalSection
	GlobalSection(ExtensibilityGlobals) = postSolution
		SolutionGuid = {373A21FE-3AA9-4A8E-A95A-F73EE7EE0803}
	EndGlobalSection
EndGlobal
